--- 
dependencies: 
  spork: 
    group: 
    - :development
    version: ~> 0.8.4
  term-ansicolor: 
    group: 
    - :default
    version: ~> 1.0.5
  prawn: 
    group: 
    - :development
    version: = 0.8.4
  diff-lcs: 
    group: 
    - :default
    version: ~> 1.1.2
  rake: 
    group: 
    - :development
    version: ~> 0.8.7
  rspec: 
    group: 
    - :development
    version: ~> 2.0.0.beta.19
  prawn-layout: 
    group: 
    - :development
    version: = 0.8.4
  syntax: 
    group: 
    - :development
    version: ~> 1.0.0
  gherkin: 
    group: 
    - :default
    version: ~> 2.2.0
  jeweler: 
    group: 
    - :development
    version: ~> 1.4.0
  json_pure: 
    group: 
    - :default
    version: ~> 1.4.3
  builder: 
    group: 
    - :default
    version: ~> 2.1.2
  nokogiri: 
    group: 
    - :development
    version: ~> 1.4.2
specs: 
- rake: 
    version: 0.8.7
- builder: 
    version: 2.1.2
- diff-lcs: 
    version: 1.1.2
- gemcutter: 
    version: 0.6.1
- trollop: 
    version: 1.16.2
- gherkin: 
    version: 2.2.0
- git: 
    version: 1.2.5
- json_pure: 
    version: 1.4.6
- rubyforge: 
    version: 2.0.4
- jeweler: 
    version: 1.4.0
- nokogiri: 
    version: 1.4.3.1
- prawn-core: 
    version: 0.8.4
- prawn-layout: 
    version: 0.8.4
- prawn-security: 
    version: 0.8.4
- prawn: 
    version: 0.8.4
- rspec-core: 
    version: 2.0.0.beta.19
- rspec-expectations: 
    version: 2.0.0.beta.19
- rspec-mocks: 
    version: 2.0.0.beta.19
- rspec: 
    version: 2.0.0.beta.19
- spork: 
    version: 0.8.4
- syntax: 
    version: 1.0.0
- term-ansicolor: 
    version: 1.0.5
hash: 6caaf3b3def71c053af5e5a66f85e63f6a74ce0d
sources: 
- Rubygems: 
    uri: http://rubygems.org
